
Microsoft Visual Studio Solution File, Format Version 12.00
# Visual Studio 2012
Project("{FAE04EC0-301F-11D3-BF4B-00C04F79EFBC}") = "ChainOfResponsability", "ChainOfResponsability\ChainOfResponsability.csproj", "{2763B5E1-FA49-475A-8D0B-A574A94FE410}"
EndProject
Project("{FAE04EC0-301F-11D3-BF4B-00C04F79EFBC}") = "ChainOfResponsability.Tests", "ChainOfResponsability.Tests\ChainOfResponsability.Tests.csproj", "{1014683D-95A9-4887-AA24-82DA18E2BC7C}"
EndProject
Project("{FAE04EC0-301F-11D3-BF4B-00C04F79EFBC}") = "ChainOfResponsability.ConsoleApp", "ChainOfResponsability.ConsoleApp\ChainOfResponsability.ConsoleApp.csproj", "{FDC78E42-D819-40E0-8AEF-A118CC2FA7F8}"
EndProject
Global
	GlobalSection(SolutionConfigurationPlatforms) = preSolution
		Debug|Any CPU = Debug|Any CPU
		Release|Any CPU = Release|Any CPU
	EndGlobalSection
	GlobalSection(ProjectConfigurationPlatforms) = postSolution
		{2763B5E1-FA49-475A-8D0B-A574A94FE410}.Debug|Any CPU.ActiveCfg = Debug|Any CPU
		{2763B5E1-FA49-475A-8D0B-A574A94FE410}.Debug|Any CPU.Build.0 = Debug|Any CPU
		{2763B5E1-FA49-475A-8D0B-A574A94FE410}.Release|Any CPU.ActiveCfg = Release|Any CPU
		{2763B5E1-FA49-475A-8D0B-A574A94FE410}.Release|Any CPU.Build.0 = Release|Any CPU
		{1014683D-95A9-4887-AA24-82DA18E2BC7C}.Debug|Any CPU.ActiveCfg = Debug|Any CPU
		{1014683D-95A9-4887-AA24-82DA18E2BC7C}.Debug|Any CPU.Build.0 = Debug|Any CPU
		{1014683D-95A9-4887-AA24-82DA18E2BC7C}.Release|Any CPU.ActiveCfg = Release|Any CPU
		{1014683D-95A9-4887-AA24-82DA18E2BC7C}.Release|Any CPU.Build.0 = Release|Any CPU
		{FDC78E42-D819-40E0-8AEF-A118CC2FA7F8}.Debug|Any CPU.ActiveCfg = Debug|Any CPU
		{FDC78E42-D819-40E0-8AEF-A118CC2FA7F8}.Debug|Any CPU.Build.0 = Debug|Any CPU
		{FDC78E42-D819-40E0-8AEF-A118CC2FA7F8}.Release|Any CPU.ActiveCfg = Release|Any CPU
		{FDC78E42-D819-40E0-8AEF-A118CC2FA7F8}.Release|Any CPU.Build.0 = Release|Any CPU
	EndGlobalSection
	GlobalSection(SolutionProperties) = preSolution
		HideSolutionNode = FALSE
	EndGlobalSection
EndGlobal
