
Microsoft Visual Studio Solution File, Format Version 12.00
# Visual Studio 2012
Project("{FAE04EC0-301F-11D3-BF4B-00C04F79EFBC}") = "ChainOfResponsability", "ChainOfResponsability\ChainOfResponsability.csproj", "{2763B5E1-FA49-475A-8D0B-A574A94FE410}"
EndProject
Project("{FAE04EC0-301F-11D3-BF4B-00C04F79EFBC}") = "ChainOfResponsability.ConsoleApp", "ChainOfResponsability.ConsoleApp\ChainOfResponsability.ConsoleApp.csproj", "{FDC78E42-D819-40E0-8AEF-A118CC2FA7F8}"
EndProject
Project("{2150E333-8FDC-42A3-9474-1A3956D46DE8}") = "ChainOfResponsabilityPattern", "ChainOfResponsabilityPattern", "{5D5ABC9F-4B8F-488C-B807-805FEABF2E5F}"
EndProject
Project("{2150E333-8FDC-42A3-9474-1A3956D46DE8}") = "StatePattern", "StatePattern", "{21AEA285-4B67-405F-9F57-E102A02EA1E7}"
EndProject
Project("{FAE04EC0-301F-11D3-BF4B-00C04F79EFBC}") = "StateLibrary", "StateLibrary\StateLibrary.csproj", "{AD9EA8FC-8F4A-4B27-8DA3-6DAA4B97A95E}"
EndProject
Project("{FAE04EC0-301F-11D3-BF4B-00C04F79EFBC}") = "StateConsoleApp", "StateConsoleApp\StateConsoleApp.csproj", "{C10BC95A-0DD9-4C9D-AD76-C0590A7F7149}"
EndProject
Project("{2150E333-8FDC-42A3-9474-1A3956D46DE8}") = "CommandPattern", "CommandPattern", "{46DEBFDD-7D92-4467-9125-B0996B0A24B9}"
EndProject
Project("{FAE04EC0-301F-11D3-BF4B-00C04F79EFBC}") = "CommandPattern", "CommandPattern\CommandPattern.csproj", "{F5FF13E2-749A-45E1-B095-7C2E685C0A6E}"
EndProject
Project("{FAE04EC0-301F-11D3-BF4B-00C04F79EFBC}") = "FluentPatterns.Library", "FluentPatterns.Library\FluentPatterns.Library.csproj", "{D44925B1-238E-4FA1-8173-D101F94C4789}"
EndProject
Project("{2150E333-8FDC-42A3-9474-1A3956D46DE8}") = "VisitorPattern", "VisitorPattern", "{3C4B9097-C14F-4806-A825-D374C28CFC23}"
EndProject
Project("{FAE04EC0-301F-11D3-BF4B-00C04F79EFBC}") = "VisitorConsoelApp", "Visitor.ConsoelApp\VisitorConsoelApp.csproj", "{8B7B3402-D854-4CAA-AE8A-67CE6534AD7B}"
EndProject
Global
	GlobalSection(SolutionConfigurationPlatforms) = preSolution
		Debug|Any CPU = Debug|Any CPU
		Release|Any CPU = Release|Any CPU
	EndGlobalSection
	GlobalSection(ProjectConfigurationPlatforms) = postSolution
		{2763B5E1-FA49-475A-8D0B-A574A94FE410}.Debug|Any CPU.ActiveCfg = Debug|Any CPU
		{2763B5E1-FA49-475A-8D0B-A574A94FE410}.Debug|Any CPU.Build.0 = Debug|Any CPU
		{2763B5E1-FA49-475A-8D0B-A574A94FE410}.Release|Any CPU.ActiveCfg = Release|Any CPU
		{2763B5E1-FA49-475A-8D0B-A574A94FE410}.Release|Any CPU.Build.0 = Release|Any CPU
		{FDC78E42-D819-40E0-8AEF-A118CC2FA7F8}.Debug|Any CPU.ActiveCfg = Debug|Any CPU
		{FDC78E42-D819-40E0-8AEF-A118CC2FA7F8}.Debug|Any CPU.Build.0 = Debug|Any CPU
		{FDC78E42-D819-40E0-8AEF-A118CC2FA7F8}.Release|Any CPU.ActiveCfg = Release|Any CPU
		{FDC78E42-D819-40E0-8AEF-A118CC2FA7F8}.Release|Any CPU.Build.0 = Release|Any CPU
		{AD9EA8FC-8F4A-4B27-8DA3-6DAA4B97A95E}.Debug|Any CPU.ActiveCfg = Debug|Any CPU
		{AD9EA8FC-8F4A-4B27-8DA3-6DAA4B97A95E}.Debug|Any CPU.Build.0 = Debug|Any CPU
		{AD9EA8FC-8F4A-4B27-8DA3-6DAA4B97A95E}.Release|Any CPU.ActiveCfg = Release|Any CPU
		{AD9EA8FC-8F4A-4B27-8DA3-6DAA4B97A95E}.Release|Any CPU.Build.0 = Release|Any CPU
		{C10BC95A-0DD9-4C9D-AD76-C0590A7F7149}.Debug|Any CPU.ActiveCfg = Debug|Any CPU
		{C10BC95A-0DD9-4C9D-AD76-C0590A7F7149}.Debug|Any CPU.Build.0 = Debug|Any CPU
		{C10BC95A-0DD9-4C9D-AD76-C0590A7F7149}.Release|Any CPU.ActiveCfg = Release|Any CPU
		{C10BC95A-0DD9-4C9D-AD76-C0590A7F7149}.Release|Any CPU.Build.0 = Release|Any CPU
		{F5FF13E2-749A-45E1-B095-7C2E685C0A6E}.Debug|Any CPU.ActiveCfg = Debug|Any CPU
		{F5FF13E2-749A-45E1-B095-7C2E685C0A6E}.Debug|Any CPU.Build.0 = Debug|Any CPU
		{F5FF13E2-749A-45E1-B095-7C2E685C0A6E}.Release|Any CPU.ActiveCfg = Release|Any CPU
		{F5FF13E2-749A-45E1-B095-7C2E685C0A6E}.Release|Any CPU.Build.0 = Release|Any CPU
		{D44925B1-238E-4FA1-8173-D101F94C4789}.Debug|Any CPU.ActiveCfg = Debug|Any CPU
		{D44925B1-238E-4FA1-8173-D101F94C4789}.Debug|Any CPU.Build.0 = Debug|Any CPU
		{D44925B1-238E-4FA1-8173-D101F94C4789}.Release|Any CPU.ActiveCfg = Release|Any CPU
		{D44925B1-238E-4FA1-8173-D101F94C4789}.Release|Any CPU.Build.0 = Release|Any CPU
		{8B7B3402-D854-4CAA-AE8A-67CE6534AD7B}.Debug|Any CPU.ActiveCfg = Debug|Any CPU
		{8B7B3402-D854-4CAA-AE8A-67CE6534AD7B}.Debug|Any CPU.Build.0 = Debug|Any CPU
		{8B7B3402-D854-4CAA-AE8A-67CE6534AD7B}.Release|Any CPU.ActiveCfg = Release|Any CPU
		{8B7B3402-D854-4CAA-AE8A-67CE6534AD7B}.Release|Any CPU.Build.0 = Release|Any CPU
	EndGlobalSection
	GlobalSection(SolutionProperties) = preSolution
		HideSolutionNode = FALSE
	EndGlobalSection
	GlobalSection(NestedProjects) = preSolution
		{FDC78E42-D819-40E0-8AEF-A118CC2FA7F8} = {5D5ABC9F-4B8F-488C-B807-805FEABF2E5F}
		{2763B5E1-FA49-475A-8D0B-A574A94FE410} = {5D5ABC9F-4B8F-488C-B807-805FEABF2E5F}
		{AD9EA8FC-8F4A-4B27-8DA3-6DAA4B97A95E} = {21AEA285-4B67-405F-9F57-E102A02EA1E7}
		{C10BC95A-0DD9-4C9D-AD76-C0590A7F7149} = {21AEA285-4B67-405F-9F57-E102A02EA1E7}
		{F5FF13E2-749A-45E1-B095-7C2E685C0A6E} = {46DEBFDD-7D92-4467-9125-B0996B0A24B9}
		{8B7B3402-D854-4CAA-AE8A-67CE6534AD7B} = {3C4B9097-C14F-4806-A825-D374C28CFC23}
	EndGlobalSection
EndGlobal
