
Microsoft Visual Studio Solution File, Format Version 12.00
# Visual Studio 2012
Project("{FAE04EC0-301F-11D3-BF4B-00C04F79EFBC}") = "ChainOfResponsability.ConsoleApp", "ChainOfResponsability.ConsoleApp\ChainOfResponsability.ConsoleApp.csproj", "{FDC78E42-D819-40E0-8AEF-A118CC2FA7F8}"
EndProject
Project("{FAE04EC0-301F-11D3-BF4B-00C04F79EFBC}") = "StateConsoleApp", "StateConsoleApp\StateConsoleApp.csproj", "{C10BC95A-0DD9-4C9D-AD76-C0590A7F7149}"
EndProject
Project("{FAE04EC0-301F-11D3-BF4B-00C04F79EFBC}") = "FluentPatterns.Library", "FluentPatterns.Library\FluentPatterns.Library.csproj", "{D44925B1-238E-4FA1-8173-D101F94C4789}"
EndProject
Project("{FAE04EC0-301F-11D3-BF4B-00C04F79EFBC}") = "VisitorConsoelApp", "Visitor.ConsoelApp\VisitorConsoelApp.csproj", "{8B7B3402-D854-4CAA-AE8A-67CE6534AD7B}"
EndProject
Project("{2150E333-8FDC-42A3-9474-1A3956D46DE8}") = "DemoApps", "DemoApps", "{4028E2E1-F8A8-43EE-B92D-84A47C87C3ED}"
EndProject
Global
	GlobalSection(SolutionConfigurationPlatforms) = preSolution
		Debug|Any CPU = Debug|Any CPU
		Release|Any CPU = Release|Any CPU
	EndGlobalSection
	GlobalSection(ProjectConfigurationPlatforms) = postSolution
		{FDC78E42-D819-40E0-8AEF-A118CC2FA7F8}.Debug|Any CPU.ActiveCfg = Debug|Any CPU
		{FDC78E42-D819-40E0-8AEF-A118CC2FA7F8}.Debug|Any CPU.Build.0 = Debug|Any CPU
		{FDC78E42-D819-40E0-8AEF-A118CC2FA7F8}.Release|Any CPU.ActiveCfg = Release|Any CPU
		{FDC78E42-D819-40E0-8AEF-A118CC2FA7F8}.Release|Any CPU.Build.0 = Release|Any CPU
		{C10BC95A-0DD9-4C9D-AD76-C0590A7F7149}.Debug|Any CPU.ActiveCfg = Debug|Any CPU
		{C10BC95A-0DD9-4C9D-AD76-C0590A7F7149}.Debug|Any CPU.Build.0 = Debug|Any CPU
		{C10BC95A-0DD9-4C9D-AD76-C0590A7F7149}.Release|Any CPU.ActiveCfg = Release|Any CPU
		{C10BC95A-0DD9-4C9D-AD76-C0590A7F7149}.Release|Any CPU.Build.0 = Release|Any CPU
		{D44925B1-238E-4FA1-8173-D101F94C4789}.Debug|Any CPU.ActiveCfg = Debug|Any CPU
		{D44925B1-238E-4FA1-8173-D101F94C4789}.Debug|Any CPU.Build.0 = Debug|Any CPU
		{D44925B1-238E-4FA1-8173-D101F94C4789}.Release|Any CPU.ActiveCfg = Release|Any CPU
		{D44925B1-238E-4FA1-8173-D101F94C4789}.Release|Any CPU.Build.0 = Release|Any CPU
		{8B7B3402-D854-4CAA-AE8A-67CE6534AD7B}.Debug|Any CPU.ActiveCfg = Debug|Any CPU
		{8B7B3402-D854-4CAA-AE8A-67CE6534AD7B}.Debug|Any CPU.Build.0 = Debug|Any CPU
		{8B7B3402-D854-4CAA-AE8A-67CE6534AD7B}.Release|Any CPU.ActiveCfg = Release|Any CPU
		{8B7B3402-D854-4CAA-AE8A-67CE6534AD7B}.Release|Any CPU.Build.0 = Release|Any CPU
	EndGlobalSection
	GlobalSection(SolutionProperties) = preSolution
		HideSolutionNode = FALSE
	EndGlobalSection
	GlobalSection(NestedProjects) = preSolution
		{FDC78E42-D819-40E0-8AEF-A118CC2FA7F8} = {4028E2E1-F8A8-43EE-B92D-84A47C87C3ED}
		{C10BC95A-0DD9-4C9D-AD76-C0590A7F7149} = {4028E2E1-F8A8-43EE-B92D-84A47C87C3ED}
		{8B7B3402-D854-4CAA-AE8A-67CE6534AD7B} = {4028E2E1-F8A8-43EE-B92D-84A47C87C3ED}
	EndGlobalSection
EndGlobal
